github.com/CaiJimmy/hugo-theme-stack/v3 v3.22.0 h1:cCY0XV13flJICqJ9b6LLfQOL5JxmDCll8Jn3GyMEtrI=
github.com/CaiJimmy/hugo-theme-stack/v3 v3.22.0/go.mod h1:IPmCXiIxlFSLFYS0tOmYP6ySLviyeNVSabyvSuaxD+I=
github.com/martignoni/hugo-notice v0.0.0-20240113121429-9f516e6bedc3 h1:UTgKycyAU48Q++K/cWcyPKE8FcbsCZtaluFuM0lIqFM=
github.com/martignoni/hugo-notice v0.0.0-20240113121429-9f516e6bedc3/go.mod h1:MIQPOMgEcbyRC0gNLzQFSgrS+wIy3RuQ/HbaZYtTOKU=
