github.com/CaiJimmy/hugo-theme-stack/v3 v3.24.1 h1:YN28bQpnt4nNzoRxgjsFeNf8B0jwOIB6EAUbelidp/I=
github.com/CaiJimmy/hugo-theme-stack/v3 v3.24.1/go.mod h1:IPmCXiIxlFSLFYS0tOmYP6ySLviyeNVSabyvSuaxD+I=
github.com/martignoni/hugo-notice v0.0.0-20240113121429-9f516e6bedc3 h1:UTgKycyAU48Q++K/cWcyPKE8FcbsCZtaluFuM0lIqFM=
github.com/martignoni/hugo-notice v0.0.0-20240113121429-9f516e6bedc3/go.mod h1:MIQPOMgEcbyRC0gNLzQFSgrS+wIy3RuQ/HbaZYtTOKU=
